
Microsoft Visual Studio Solution File, Format Version 12.00
# Visual Studio 15
VisualStudioVersion = 15.0.27130.2010
MinimumVisualStudioVersion = 10.0.40219.1
Project("{8BC9CEB8-8B4A-11D0-8D11-00A0C91BC942}") = "DonkeyKom", "DonkeyKom.vcxproj", "{671A2C8C-0B1E-4E3C-BB4A-2F1B58622426}"
EndProject
Project("{8BC9CEB8-8B4A-11D0-8D11-00A0C91BC942}") = "Tests", "Tests\Tests.vcxproj", "{ECD49F43-7B1D-4D97-9A93-1C7BF66ED42E}"
EndProject
Project("{8BC9CEB8-8B4A-11D0-8D11-00A0C91BC942}") = "CLI", "CLI\CLI.vcxproj", "{91203B06-FC19-421B-B280-EF80F849458F}"
EndProject
Global
	GlobalSection(SolutionConfigurationPlatforms) = preSolution
		Debug|x64 = Debug|x64
		Debug|x86 = Debug|x86
		Release|x64 = Release|x64
		Release|x86 = Release|x86
	EndGlobalSection
	GlobalSection(ProjectConfigurationPlatforms) = postSolution
		{671A2C8C-0B1E-4E3C-BB4A-2F1B58622426}.Debug|x64.ActiveCfg = Debug|x64
		{671A2C8C-0B1E-4E3C-BB4A-2F1B58622426}.Debug|x64.Build.0 = Debug|x64
		{671A2C8C-0B1E-4E3C-BB4A-2F1B58622426}.Debug|x86.ActiveCfg = Debug|Win32
		{671A2C8C-0B1E-4E3C-BB4A-2F1B58622426}.Debug|x86.Build.0 = Debug|Win32
		{671A2C8C-0B1E-4E3C-BB4A-2F1B58622426}.Release|x64.ActiveCfg = Release|x64
		{671A2C8C-0B1E-4E3C-BB4A-2F1B58622426}.Release|x64.Build.0 = Release|x64
		{671A2C8C-0B1E-4E3C-BB4A-2F1B58622426}.Release|x86.ActiveCfg = Release|Win32
		{671A2C8C-0B1E-4E3C-BB4A-2F1B58622426}.Release|x86.Build.0 = Release|Win32
		{ECD49F43-7B1D-4D97-9A93-1C7BF66ED42E}.Debug|x64.ActiveCfg = Debug|x64
		{ECD49F43-7B1D-4D97-9A93-1C7BF66ED42E}.Debug|x64.Build.0 = Debug|x64
		{ECD49F43-7B1D-4D97-9A93-1C7BF66ED42E}.Debug|x86.ActiveCfg = Debug|Win32
		{ECD49F43-7B1D-4D97-9A93-1C7BF66ED42E}.Debug|x86.Build.0 = Debug|Win32
		{ECD49F43-7B1D-4D97-9A93-1C7BF66ED42E}.Release|x64.ActiveCfg = Release|x64
		{ECD49F43-7B1D-4D97-9A93-1C7BF66ED42E}.Release|x64.Build.0 = Release|x64
		{ECD49F43-7B1D-4D97-9A93-1C7BF66ED42E}.Release|x86.ActiveCfg = Release|Win32
		{ECD49F43-7B1D-4D97-9A93-1C7BF66ED42E}.Release|x86.Build.0 = Release|Win32
		{91203B06-FC19-421B-B280-EF80F849458F}.Debug|x64.ActiveCfg = Debug|x64
		{91203B06-FC19-421B-B280-EF80F849458F}.Debug|x64.Build.0 = Debug|x64
		{91203B06-FC19-421B-B280-EF80F849458F}.Debug|x86.ActiveCfg = Debug|Win32
		{91203B06-FC19-421B-B280-EF80F849458F}.Debug|x86.Build.0 = Debug|Win32
		{91203B06-FC19-421B-B280-EF80F849458F}.Release|x64.ActiveCfg = Release|x64
		{91203B06-FC19-421B-B280-EF80F849458F}.Release|x64.Build.0 = Release|x64
		{91203B06-FC19-421B-B280-EF80F849458F}.Release|x86.ActiveCfg = Release|Win32
		{91203B06-FC19-421B-B280-EF80F849458F}.Release|x86.Build.0 = Release|Win32
	EndGlobalSection
	GlobalSection(SolutionProperties) = preSolution
		HideSolutionNode = FALSE
	EndGlobalSection
	GlobalSection(ExtensibilityGlobals) = postSolution
		SolutionGuid = {248E6AF7-2140-4D95-8035-550AAB356EC4}
	EndGlobalSection
EndGlobal
